
Microsoft Visual Studio Solution File, Format Version 12.00
# Visual Studio Version 16
VisualStudioVersion = 16.0.29728.190
MinimumVisualStudioVersion = 10.0.40219.1
Project("{FAE04EC0-301F-11D3-BF4B-00C04F79EFBC}") = "WindowsFormsAppRibbon", "WindowsFormsAppRibbon.csproj", "{259E5B9C-C72D-4CDA-8CD6-A46E675179AF}"
EndProject
Global
	GlobalSection(SolutionConfigurationPlatforms) = preSolution
		Debug|Any CPU = Debug|Any CPU
		Release|Any CPU = Release|Any CPU
	EndGlobalSection
	GlobalSection(ProjectConfigurationPlatforms) = postSolution
		{259E5B9C-C72D-4CDA-8CD6-A46E675179AF}.Debug|Any CPU.ActiveCfg = Debug|Any CPU
		{259E5B9C-C72D-4CDA-8CD6-A46E675179AF}.Debug|Any CPU.Build.0 = Debug|Any CPU
		{259E5B9C-C72D-4CDA-8CD6-A46E675179AF}.Release|Any CPU.ActiveCfg = Release|Any CPU
		{259E5B9C-C72D-4CDA-8CD6-A46E675179AF}.Release|Any CPU.Build.0 = Release|Any CPU
	EndGlobalSection
	GlobalSection(SolutionProperties) = preSolution
		HideSolutionNode = FALSE
	EndGlobalSection
	GlobalSection(ExtensibilityGlobals) = postSolution
		SolutionGuid = {882D696E-F367-4107-B4FA-D7D181711184}
	EndGlobalSection
EndGlobal
