
Microsoft Visual Studio Solution File, Format Version 12.00
# Visual Studio Version 16
VisualStudioVersion = 16.0.29728.190
MinimumVisualStudioVersion = 10.0.40219.1
Project("{FAE04EC0-301F-11D3-BF4B-00C04F79EFBC}") = "RibbonDemo", "RibbonDemo.csproj", "{735BBF32-51AD-4E1C-A0AF-CCC06E686F54}"
EndProject
Global
	GlobalSection(SolutionConfigurationPlatforms) = preSolution
		Debug|Any CPU = Debug|Any CPU
		Release|Any CPU = Release|Any CPU
	EndGlobalSection
	GlobalSection(ProjectConfigurationPlatforms) = postSolution
		{735BBF32-51AD-4E1C-A0AF-CCC06E686F54}.Debug|Any CPU.ActiveCfg = Debug|Any CPU
		{735BBF32-51AD-4E1C-A0AF-CCC06E686F54}.Debug|Any CPU.Build.0 = Debug|Any CPU
		{735BBF32-51AD-4E1C-A0AF-CCC06E686F54}.Release|Any CPU.ActiveCfg = Release|Any CPU
		{735BBF32-51AD-4E1C-A0AF-CCC06E686F54}.Release|Any CPU.Build.0 = Release|Any CPU
	EndGlobalSection
	GlobalSection(SolutionProperties) = preSolution
		HideSolutionNode = FALSE
	EndGlobalSection
	GlobalSection(ExtensibilityGlobals) = postSolution
		SolutionGuid = {B5459AA3-5E76-4515-88ED-9D3CFAD6FB0E}
	EndGlobalSection
EndGlobal
