
Microsoft Visual Studio Solution File, Format Version 12.00
# Visual Studio Version 16
VisualStudioVersion = 16.0.29728.190
MinimumVisualStudioVersion = 10.0.40219.1
Project("{FAE04EC0-301F-11D3-BF4B-00C04F79EFBC}") = "EmptyProjectReflection", "EmptyProjectReflection.csproj", "{592DC4F5-51AC-4EDB-A5CF-FA25109BB8FC}"
EndProject
Global
	GlobalSection(SolutionConfigurationPlatforms) = preSolution
		Debug|Any CPU = Debug|Any CPU
		Release|Any CPU = Release|Any CPU
	EndGlobalSection
	GlobalSection(ProjectConfigurationPlatforms) = postSolution
		{592DC4F5-51AC-4EDB-A5CF-FA25109BB8FC}.Debug|Any CPU.ActiveCfg = Debug|Any CPU
		{592DC4F5-51AC-4EDB-A5CF-FA25109BB8FC}.Debug|Any CPU.Build.0 = Debug|Any CPU
		{592DC4F5-51AC-4EDB-A5CF-FA25109BB8FC}.Release|Any CPU.ActiveCfg = Release|Any CPU
		{592DC4F5-51AC-4EDB-A5CF-FA25109BB8FC}.Release|Any CPU.Build.0 = Release|Any CPU
	EndGlobalSection
	GlobalSection(SolutionProperties) = preSolution
		HideSolutionNode = FALSE
	EndGlobalSection
	GlobalSection(ExtensibilityGlobals) = postSolution
		SolutionGuid = {57CE4D82-47B5-4482-95E5-EBAED1FABFAA}
	EndGlobalSection
EndGlobal
